
Microsoft Visual Studio Solution File, Format Version 12.00
# Visual Studio Version 17
VisualStudioVersion = 17.6.33723.286
MinimumVisualStudioVersion = 10.0.40219.1
Project("{9A19103F-16F7-4668-BE54-9A1E7A4F7556}") = "EncryptionAlgorithm", "Encryption Algorithm\EncryptionAlgorithm.csproj", "{BBF8BFBC-C4AE-45D7-B535-DD1574376D5B}"
EndProject
Project("{9A19103F-16F7-4668-BE54-9A1E7A4F7556}") = "Encryption Usage Test", "Encryption Usage Test\Encryption Usage Test.csproj", "{4C6C2647-6159-45BB-83B7-2BC649625B27}"
EndProject
Project("{2150E333-8FDC-42A3-9474-1A3956D46DE8}") = "Elementi di soluzione", "Elementi di soluzione", "{080EE7DA-0474-4553-8E6F-74A6A1A9F61B}"
	ProjectSection(SolutionItems) = preProject
		README.md = README.md
	EndProjectSection
EndProject
Global
	GlobalSection(SolutionConfigurationPlatforms) = preSolution
		Debug|Any CPU = Debug|Any CPU
		Release|Any CPU = Release|Any CPU
	EndGlobalSection
	GlobalSection(ProjectConfigurationPlatforms) = postSolution
		{BBF8BFBC-C4AE-45D7-B535-DD1574376D5B}.Debug|Any CPU.ActiveCfg = Debug|Any CPU
		{BBF8BFBC-C4AE-45D7-B535-DD1574376D5B}.Debug|Any CPU.Build.0 = Debug|Any CPU
		{BBF8BFBC-C4AE-45D7-B535-DD1574376D5B}.Release|Any CPU.ActiveCfg = Release|Any CPU
		{BBF8BFBC-C4AE-45D7-B535-DD1574376D5B}.Release|Any CPU.Build.0 = Release|Any CPU
		{4C6C2647-6159-45BB-83B7-2BC649625B27}.Debug|Any CPU.ActiveCfg = Debug|Any CPU
		{4C6C2647-6159-45BB-83B7-2BC649625B27}.Debug|Any CPU.Build.0 = Debug|Any CPU
		{4C6C2647-6159-45BB-83B7-2BC649625B27}.Release|Any CPU.ActiveCfg = Release|Any CPU
		{4C6C2647-6159-45BB-83B7-2BC649625B27}.Release|Any CPU.Build.0 = Release|Any CPU
	EndGlobalSection
	GlobalSection(SolutionProperties) = preSolution
		HideSolutionNode = FALSE
	EndGlobalSection
	GlobalSection(ExtensibilityGlobals) = postSolution
		SolutionGuid = {407BF2B2-822F-44F3-AFAB-E143C1906E6E}
	EndGlobalSection
EndGlobal
